
Microsoft Visual Studio Solution File, Format Version 11.00
# Visual Studio 2010
Project("{FAE04EC0-301F-11D3-BF4B-00C04F79EFBC}") = "Assembly-CSharp", "Assembly-CSharp.csproj", "{23c5300d-d684-f7bf-a09a-7405280f7da7}"
EndProject
Project("{FAE04EC0-301F-11D3-BF4B-00C04F79EFBC}") = "Assembly-CSharp-Editor", "Assembly-CSharp-Editor.csproj", "{ed9d0419-eb4b-1722-c808-cd5407c4c06a}"
EndProject
Global
	GlobalSection(SolutionConfigurationPlatforms) = preSolution
		Debug|Any CPU = Debug|Any CPU
	EndGlobalSection
	GlobalSection(ProjectConfigurationPlatforms) = postSolution
		{23c5300d-d684-f7bf-a09a-7405280f7da7}.Debug|Any CPU.ActiveCfg = Debug|Any CPU
		{23c5300d-d684-f7bf-a09a-7405280f7da7}.Debug|Any CPU.Build.0 = Debug|Any CPU
		{ed9d0419-eb4b-1722-c808-cd5407c4c06a}.Debug|Any CPU.ActiveCfg = Debug|Any CPU
		{ed9d0419-eb4b-1722-c808-cd5407c4c06a}.Debug|Any CPU.Build.0 = Debug|Any CPU
	EndGlobalSection
	GlobalSection(SolutionProperties) = preSolution
		HideSolutionNode = FALSE
	EndGlobalSection
EndGlobal
